
Microsoft Visual Studio Solution File, Format Version 12.00
# Visual Studio Version 17
VisualStudioVersion = 17.5.33627.172
MinimumVisualStudioVersion = 10.0.40219.1
Project("{FAE04EC0-301F-11D3-BF4B-00C04F79EFBC}") = "WF_Lessons_23_24", "WF_Lessons_23_24.csproj", "{EB04C27D-3B26-4572-BB87-EEDF4E903EEC}"
EndProject
Global
	GlobalSection(SolutionConfigurationPlatforms) = preSolution
		Debug|Any CPU = Debug|Any CPU
		Release|Any CPU = Release|Any CPU
	EndGlobalSection
	GlobalSection(ProjectConfigurationPlatforms) = postSolution
		{EB04C27D-3B26-4572-BB87-EEDF4E903EEC}.Debug|Any CPU.ActiveCfg = Debug|Any CPU
		{EB04C27D-3B26-4572-BB87-EEDF4E903EEC}.Debug|Any CPU.Build.0 = Debug|Any CPU
		{EB04C27D-3B26-4572-BB87-EEDF4E903EEC}.Release|Any CPU.ActiveCfg = Release|Any CPU
		{EB04C27D-3B26-4572-BB87-EEDF4E903EEC}.Release|Any CPU.Build.0 = Release|Any CPU
	EndGlobalSection
	GlobalSection(SolutionProperties) = preSolution
		HideSolutionNode = FALSE
	EndGlobalSection
	GlobalSection(ExtensibilityGlobals) = postSolution
		SolutionGuid = {FF75F3BF-6F17-4A2C-89B7-DB0208FA11B9}
	EndGlobalSection
EndGlobal
